<?xml version="1.0" encoding="utf-8"?>
<Project ToolsVersion="4.0" xmlns="http://schemas.microsoft.com/developer/msbuild/2003">
  <ItemGroup>
    <Filter Include="Screens">
      <UniqueIdentifier>{338e4033-e1ef-4f1e-95c2-36cc29fee25f}</UniqueIdentifier>
    </Filter>
    <Filter Include="Screens\Splash Screen">
      <UniqueIdentifier>{db98c33f-a28d-48a5-b0e1-3a6956c8b5c6}</UniqueIdentifier>
    </Filter>
    <Filter Include="Assets">
      <UniqueIdentifier>{4f502dcd-5c39-48a9-9529-c1fa15ed6175}</UniqueIdentifier>
    </Filter>
  </ItemGroup>
  <ItemGroup>
    <ClCompile Include="main.cpp" />
    <ClCompile Include="SplashScreen.cpp">
      <Filter>Screens\Splash Screen</Filter>
    </ClCompile>
  </ItemGroup>
  <ItemGroup>
    <ClInclude Include="SplashScreen.hpp">
      <Filter>Screens\Splash Screen</Filter>
    </ClInclude>
  </ItemGroup>
</Project>