<?xml version="1.0" encoding="utf-8"?>
<Project ToolsVersion="4.0" xmlns="http://schemas.microsoft.com/developer/msbuild/2003">
  <ItemGroup>
    <Filter Include="SkullEngine">
      <UniqueIdentifier>{f6644dea-36c0-431d-862d-76a0fd549f19}</UniqueIdentifier>
    </Filter>
    <Filter Include="SkullEngine\Asset">
      <UniqueIdentifier>{3d68b99f-1210-476b-b8ae-78ae8c04aa3a}</UniqueIdentifier>
    </Filter>
    <Filter Include="SkullEngine\GameScreen">
      <UniqueIdentifier>{6264e16a-4d9f-4a1c-9261-9b87278fa8d5}</UniqueIdentifier>
    </Filter>
    <Filter Include="SkullEngine\Asset\Types">
      <UniqueIdentifier>{9da49aa7-c8e9-4610-b951-05a9497a861e}</UniqueIdentifier>
    </Filter>
    <Filter Include="SkullEngine\Window">
      <UniqueIdentifier>{5aede116-dcc1-4670-a456-f6e9a98a15e8}</UniqueIdentifier>
    </Filter>
    <Filter Include="SkullEngine\ScreenManager">
      <UniqueIdentifier>{a30f31c3-84bb-4102-80bd-4f9e150fc256}</UniqueIdentifier>
    </Filter>
    <Filter Include="SkullEngine\Core">
      <UniqueIdentifier>{05472464-de72-412e-937c-bfd9361733f8}</UniqueIdentifier>
    </Filter>
    <Filter Include="Res">
      <UniqueIdentifier>{0cd184c8-b63b-46ea-bf82-1c67aba96923}</UniqueIdentifier>
    </Filter>
    <Filter Include="Game">
      <UniqueIdentifier>{d8d1e980-e707-4eff-ac5d-2dcedf61e6ef}</UniqueIdentifier>
    </Filter>
    <Filter Include="Game\Assets">
      <UniqueIdentifier>{4f502dcd-5c39-48a9-9529-c1fa15ed6175}</UniqueIdentifier>
    </Filter>
    <Filter Include="Game\Screens">
      <UniqueIdentifier>{338e4033-e1ef-4f1e-95c2-36cc29fee25f}</UniqueIdentifier>
    </Filter>
    <Filter Include="Game\Screens\Splash Screen">
      <UniqueIdentifier>{db98c33f-a28d-48a5-b0e1-3a6956c8b5c6}</UniqueIdentifier>
    </Filter>
    <Filter Include="SkullEngine\GUI">
      <UniqueIdentifier>{557d1515-a8fb-48d5-9fe7-2bf4bd3b5558}</UniqueIdentifier>
    </Filter>
    <Filter Include="Game\Screens\Game Win">
      <UniqueIdentifier>{109ecb4a-71df-4c0d-91c6-2f39af79c8ea}</UniqueIdentifier>
    </Filter>
    <Filter Include="Game\Screens\Game Win\Main Menu">
      <UniqueIdentifier>{188bce2a-6c70-4780-81be-304fdb33494d}</UniqueIdentifier>
    </Filter>
  </ItemGroup>
  <ItemGroup>
    <ClCompile Include="main.cpp" />
    <ClCompile Include="SplashScreenBackground.cpp">
      <Filter>Game\Screens\Splash Screen</Filter>
    </ClCompile>
    <ClCompile Include="..\SkullEngine\AAsset.cpp">
      <Filter>SkullEngine\Asset</Filter>
    </ClCompile>
    <ClCompile Include="..\SkullEngine\AGameScreen.cpp">
      <Filter>SkullEngine\GameScreen</Filter>
    </ClCompile>
    <ClCompile Include="..\SkullEngine\AssetManager.cpp">
      <Filter>SkullEngine\Asset</Filter>
    </ClCompile>
    <ClCompile Include="..\SkullEngine\Scene.cpp">
      <Filter>SkullEngine\Window</Filter>
    </ClCompile>
    <ClCompile Include="..\SkullEngine\ScreenManager.cpp">
      <Filter>SkullEngine\ScreenManager</Filter>
    </ClCompile>
    <ClCompile Include="..\SkullEngine\Texture.cpp">
      <Filter>SkullEngine\Asset\Types</Filter>
    </ClCompile>
    <ClCompile Include="..\SkullEngine\Window.cpp">
      <Filter>SkullEngine\Window</Filter>
    </ClCompile>
    <ClCompile Include="..\SkullEngine\Core.cpp">
      <Filter>SkullEngine\Core</Filter>
    </ClCompile>
    <ClCompile Include="..\SkullEngine\SimpleSprite.cpp">
      <Filter>SkullEngine\Asset\Types</Filter>
    </ClCompile>
    <ClCompile Include="..\SkullEngine\Image.cpp">
      <Filter>SkullEngine\Asset\Types</Filter>
    </ClCompile>
    <ClCompile Include="..\SkullEngine\Font.cpp">
      <Filter>SkullEngine\Asset\Types</Filter>
    </ClCompile>
    <ClCompile Include="..\SkullEngine\Text.cpp">
      <Filter>SkullEngine\Asset\Types</Filter>
    </ClCompile>
    <ClCompile Include="initSplashScreen.cpp">
      <Filter>Game\Screens</Filter>
    </ClCompile>
    <ClCompile Include="SplashScreenLoader.cpp">
      <Filter>Game\Screens\Splash Screen</Filter>
    </ClCompile>
    <ClCompile Include="MainMenuBackground.cpp">
      <Filter>Game\Screens\Game Win\Main Menu</Filter>
    </ClCompile>
    <ClCompile Include="Loaders.cpp">
      <Filter>Game\Screens\Splash Screen</Filter>
    </ClCompile>
    <ClCompile Include="MainMenu.cpp">
      <Filter>Game\Screens\Game Win\Main Menu</Filter>
    </ClCompile>
    <ClCompile Include="GameBackground.cpp">
      <Filter>Game\Screens\Game Win</Filter>
    </ClCompile>
  </ItemGroup>
  <ItemGroup>
    <ClInclude Include="Screens.hpp">
      <Filter>Game\Screens</Filter>
    </ClInclude>
    <ClInclude Include="SplashScreenBackground.hpp">
      <Filter>Game\Screens\Splash Screen</Filter>
    </ClInclude>
    <ClInclude Include="..\SkullEngine\include\SkullEngine\Exception.hpp">
      <Filter>SkullEngine</Filter>
    </ClInclude>
    <ClInclude Include="..\SkullEngine\include\SkullEngine\Types.hpp">
      <Filter>SkullEngine</Filter>
    </ClInclude>
    <ClInclude Include="..\SkullEngine\include\SkullEngine\AAsset.hpp">
      <Filter>SkullEngine\Asset</Filter>
    </ClInclude>
    <ClInclude Include="..\SkullEngine\include\SkullEngine\AGameScreen.hpp">
      <Filter>SkullEngine\GameScreen</Filter>
    </ClInclude>
    <ClInclude Include="..\SkullEngine\include\SkullEngine\AssetManager.hpp">
      <Filter>SkullEngine\Asset</Filter>
    </ClInclude>
    <ClInclude Include="..\SkullEngine\include\SkullEngine\Assets.hpp">
      <Filter>SkullEngine\Asset</Filter>
    </ClInclude>
    <ClInclude Include="..\SkullEngine\include\SkullEngine\IGameScreen.hpp">
      <Filter>SkullEngine\GameScreen</Filter>
    </ClInclude>
    <ClInclude Include="..\SkullEngine\include\SkullEngine\Scene.hpp">
      <Filter>SkullEngine\Window</Filter>
    </ClInclude>
    <ClInclude Include="..\SkullEngine\include\SkullEngine\ScreenManager.hpp">
      <Filter>SkullEngine\ScreenManager</Filter>
    </ClInclude>
    <ClInclude Include="..\SkullEngine\include\SkullEngine\Texture.hpp">
      <Filter>SkullEngine\Asset\Types</Filter>
    </ClInclude>
    <ClInclude Include="..\SkullEngine\include\SkullEngine\Window.hpp">
      <Filter>SkullEngine\Window</Filter>
    </ClInclude>
    <ClInclude Include="..\SkullEngine\include\SkullEngine\Core.hpp">
      <Filter>SkullEngine\Core</Filter>
    </ClInclude>
    <ClInclude Include="..\SkullEngine\include\SkullEngine\SimpleSprite.hpp">
      <Filter>SkullEngine\Asset\Types</Filter>
    </ClInclude>
    <ClInclude Include="resource.h">
      <Filter>Res</Filter>
    </ClInclude>
    <ClInclude Include="..\SkullEngine\include\SkullEngine\Image.hpp">
      <Filter>SkullEngine\Asset\Types</Filter>
    </ClInclude>
    <ClInclude Include="..\SkullEngine\include\SkullEngine\Font.hpp">
      <Filter>SkullEngine\Asset\Types</Filter>
    </ClInclude>
    <ClInclude Include="..\SkullEngine\include\SkullEngine\Text.hpp">
      <Filter>SkullEngine\Asset\Types</Filter>
    </ClInclude>
    <ClInclude Include="SplashScreenLoader.hpp">
      <Filter>Game\Screens\Splash Screen</Filter>
    </ClInclude>
    <ClInclude Include="MainMenuBackground.hpp">
      <Filter>Game\Screens\Game Win\Main Menu</Filter>
    </ClInclude>
    <ClInclude Include="MainMenu.hpp">
      <Filter>Game\Screens\Game Win\Main Menu</Filter>
    </ClInclude>
    <ClInclude Include="GameBackground.hpp">
      <Filter>Game\Screens\Game Win</Filter>
    </ClInclude>
  </ItemGroup>
  <ItemGroup>
    <ResourceCompile Include="Z-Corps 2022.rc">
      <Filter>Res</Filter>
    </ResourceCompile>
  </ItemGroup>
  <ItemGroup>
    <Image Include="..\Assets\img\favicon.ico">
      <Filter>Res</Filter>
    </Image>
  </ItemGroup>
</Project>