<?xml version="1.0" encoding="utf-8"?>
<Project ToolsVersion="4.0" xmlns="http://schemas.microsoft.com/developer/msbuild/2003">
  <ItemGroup>
    <Filter Include="Engine">
      <UniqueIdentifier>{ad851565-d8d1-42cc-8990-fb785b31186d}</UniqueIdentifier>
    </Filter>
    <Filter Include="Engine\Asset">
      <UniqueIdentifier>{46f83c23-ef1b-40a5-a37b-a01c0b5f7065}</UniqueIdentifier>
    </Filter>
    <Filter Include="Engine\GameScreen">
      <UniqueIdentifier>{830b0768-39f5-4fde-bf7b-f8c1b4879b91}</UniqueIdentifier>
    </Filter>
    <Filter Include="Engine\Window">
      <UniqueIdentifier>{c9b62d35-07c6-40a9-8782-117160f8319b}</UniqueIdentifier>
    </Filter>
    <Filter Include="Engine\ScreenManager">
      <UniqueIdentifier>{ee1dcf0d-eb5d-40aa-a633-c954313e8e40}</UniqueIdentifier>
    </Filter>
    <Filter Include="Misc">
      <UniqueIdentifier>{d5972009-a8c4-4c96-85cd-587374c6ff97}</UniqueIdentifier>
    </Filter>
    <Filter Include="Engine\Asset\AssetsType">
      <UniqueIdentifier>{65675745-3621-4587-a81b-6beac81504f5}</UniqueIdentifier>
    </Filter>
  </ItemGroup>
  <ItemGroup>
    <ClInclude Include="include\SkullEngine\AssetManager.hpp">
      <Filter>Engine\Asset</Filter>
    </ClInclude>
    <ClInclude Include="include\SkullEngine\AGameScreen.hpp">
      <Filter>Engine\GameScreen</Filter>
    </ClInclude>
    <ClInclude Include="include\SkullEngine\IGameScreen.hpp">
      <Filter>Engine\GameScreen</Filter>
    </ClInclude>
    <ClInclude Include="include\SkullEngine\ScreenManager.hpp">
      <Filter>Engine\ScreenManager</Filter>
    </ClInclude>
    <ClInclude Include="include\SkullEngine\Window.hpp">
      <Filter>Engine\Window</Filter>
    </ClInclude>
    <ClInclude Include="include\SkullEngine\Exception.hpp">
      <Filter>Engine</Filter>
    </ClInclude>
    <ClInclude Include="include\SkullEngine\Types.hpp">
      <Filter>Engine</Filter>
    </ClInclude>
    <ClInclude Include="include\SkullEngine\SkullEngine.hpp">
      <Filter>Misc</Filter>
    </ClInclude>
    <ClInclude Include="include\SkullEngine\Core.hpp">
      <Filter>Engine</Filter>
    </ClInclude>
    <ClInclude Include="include\SkullEngine\Scene.hpp">
      <Filter>Engine\Window</Filter>
    </ClInclude>
    <ClInclude Include="include\SkullEngine\AAsset.hpp">
      <Filter>Engine\Asset</Filter>
    </ClInclude>
    <ClInclude Include="include\SkullEngine\Texture.hpp">
      <Filter>Engine\Asset\AssetsType</Filter>
    </ClInclude>
    <ClInclude Include="include\SkullEngine\Image.hpp">
      <Filter>Engine\Asset\AssetsType</Filter>
    </ClInclude>
    <ClInclude Include="include\SkullEngine\Assets.hpp">
      <Filter>Engine\Asset</Filter>
    </ClInclude>
  </ItemGroup>
  <ItemGroup>
    <ClCompile Include="AGameScreen.cpp">
      <Filter>Engine\GameScreen</Filter>
    </ClCompile>
    <ClCompile Include="ScreenManager.cpp">
      <Filter>Engine\ScreenManager</Filter>
    </ClCompile>
    <ClCompile Include="Window.cpp">
      <Filter>Engine\Window</Filter>
    </ClCompile>
    <ClCompile Include="Scene.cpp">
      <Filter>Engine\Window</Filter>
    </ClCompile>
    <ClCompile Include="Core.cpp">
      <Filter>Engine</Filter>
    </ClCompile>
    <ClCompile Include="AAsset.cpp">
      <Filter>Engine\Asset</Filter>
    </ClCompile>
    <ClCompile Include="AssetManager.cpp">
      <Filter>Engine\Asset</Filter>
    </ClCompile>
    <ClCompile Include="Texture.cpp">
      <Filter>Engine\Asset\AssetsType</Filter>
    </ClCompile>
    <ClCompile Include="Image.cpp">
      <Filter>Engine\Asset\AssetsType</Filter>
    </ClCompile>
  </ItemGroup>
</Project>